
Microsoft Visual Studio Solution File, Format Version 12.00
# Visual Studio Version 17
VisualStudioVersion = 17.4.33110.190
MinimumVisualStudioVersion = 10.0.40219.1
Project("{FAE04EC0-301F-11D3-BF4B-00C04F79EFBC}") = "ClassesArabalarDemo", "ClassesArabalarDemo\ClassesArabalarDemo.csproj", "{05EAEAFC-E1FF-4712-8D61-107BAE093559}"
EndProject
Global
	GlobalSection(SolutionConfigurationPlatforms) = preSolution
		Debug|Any CPU = Debug|Any CPU
		Release|Any CPU = Release|Any CPU
	EndGlobalSection
	GlobalSection(ProjectConfigurationPlatforms) = postSolution
		{05EAEAFC-E1FF-4712-8D61-107BAE093559}.Debug|Any CPU.ActiveCfg = Debug|Any CPU
		{05EAEAFC-E1FF-4712-8D61-107BAE093559}.Debug|Any CPU.Build.0 = Debug|Any CPU
		{05EAEAFC-E1FF-4712-8D61-107BAE093559}.Release|Any CPU.ActiveCfg = Release|Any CPU
		{05EAEAFC-E1FF-4712-8D61-107BAE093559}.Release|Any CPU.Build.0 = Release|Any CPU
	EndGlobalSection
	GlobalSection(SolutionProperties) = preSolution
		HideSolutionNode = FALSE
	EndGlobalSection
	GlobalSection(ExtensibilityGlobals) = postSolution
		SolutionGuid = {8A96AB30-1D54-4A06-8A7E-2128E898A976}
	EndGlobalSection
EndGlobal
